github.com/robilaruku/go-say-hello v1.0.0 h1:PWAI6jIqjLm2ICwdgeelRTUG4B75GksbCeACTcfpDCY=
github.com/robilaruku/go-say-hello v1.0.0/go.mod h1:Ub24Pffp8Keddnfx8V/S94O19pL6+X865md1G+nq4+E=
github.com/robilaruku/go-say-hello v1.5.0 h1:V274JseRBX5lQDYe4oUpgCh7Dw6jwURHOVjru5ek2rc=
github.com/robilaruku/go-say-hello v1.5.0/go.mod h1:Ub24Pffp8Keddnfx8V/S94O19pL6+X865md1G+nq4+E=
